{
  "name": "@tstdl/database",
  "version": "0.8.4",
  "lockfileVersion": 1,
  "requires": true,
  "dependencies": {
    "@tstdl/base": {
      "version": "0.54.5",
      "resolved": "https://registry.npmjs.org/@tstdl/base/-/base-0.54.5.tgz",
      "integrity": "sha512-J8C4RQY4yaKH5O+XVxiLXxl+FKF1h4mB6d1or/Pw2Wda146JBuEuGfu9fnTYmYetSGZ4D9liO+Wz0qHaMUlIfw==",
      "requires": {
        "rxjs": "^6.5.4"
      }
    },
    "rxjs": {
      "version": "6.5.4",
      "resolved": "https://registry.npmjs.org/rxjs/-/rxjs-6.5.4.tgz",
      "integrity": "sha512-naMQXcgEo3csAEGvw/NydRA0fuS2nDZJiw1YUWFKU7aPPAPGZEsD4Iimit96qwCieH6y614MCLYwdkrWx7z/7Q==",
      "requires": {
        "tslib": "^1.9.0"
      }
    },
    "tslib": {
      "version": "1.10.0",
      "resolved": "https://registry.npmjs.org/tslib/-/tslib-1.10.0.tgz",
      "integrity": "sha512-qOebF53frne81cf0S9B41ByenJ3/IuH8yJKngAX35CmiZySA0khhkovshKK+jGCaMnVomla7gVlIcc3EvKPbTQ=="
    },
    "typescript": {
      "version": "3.7.4",
      "resolved": "https://registry.npmjs.org/typescript/-/typescript-3.7.4.tgz",
      "integrity": "sha512-A25xv5XCtarLwXpcDNZzCGvW2D1S3/bACratYBx2sax8PefsFhlYmkQicKHvpYflFS8if4zne5zT5kpJ7pzuvw==",
      "dev": true
    }
  }
}
