{
  "name": "@common-ts/mongo",
  "version": "1.1.0",
  "lockfileVersion": 1,
  "requires": true,
  "dependencies": {
    "@common-ts/base": {
      "version": "1.3.1",
      "resolved": "https://registry.npmjs.org/@common-ts/base/-/base-1.3.1.tgz",
      "integrity": "sha512-6BGaTonP7OM8FdaPf+Ic4XC7dOMYIamPGAMD4BtpTHH4ynjgLkgBspirKXVAW7SkrUEyRegMJmenfx7CmJdUeA==",
      "requires": {
        "rxjs": "^6.4.0"
      }
    },
    "@types/bson": {
      "version": "4.0.0",
      "resolved": "https://registry.npmjs.org/@types/bson/-/bson-4.0.0.tgz",
      "integrity": "sha512-pq/rqJwJWkbS10crsG5bgnrisL8pML79KlMKQMoQwLUjlPAkrUHMvHJ3oGwE7WHR61Lv/nadMwXVAD2b+fpD8Q==",
      "dev": true,
      "requires": {
        "@types/node": "*"
      }
    },
    "@types/mongodb": {
      "version": "3.1.22",
      "resolved": "https://registry.npmjs.org/@types/mongodb/-/mongodb-3.1.22.tgz",
      "integrity": "sha512-hvNR0txBlJJAy1eZOeIDshW4dnQaC694COou4eHHaMdIcteCfoCQATD7sYNlXxNxfTc1iIbHUi7A8CAhQe08uA==",
      "dev": true,
      "requires": {
        "@types/bson": "*",
        "@types/node": "*"
      }
    },
    "@types/node": {
      "version": "11.12.0",
      "resolved": "https://registry.npmjs.org/@types/node/-/node-11.12.0.tgz",
      "integrity": "sha512-Lg00egj78gM+4aE0Erw05cuDbvX9sLJbaaPwwRtdCdAMnIudqrQZ0oZX98Ek0yiSK/A2nubHgJfvII/rTT2Dwg==",
      "dev": true
    },
    "bson": {
      "version": "1.1.1",
      "resolved": "https://registry.npmjs.org/bson/-/bson-1.1.1.tgz",
      "integrity": "sha512-jCGVYLoYMHDkOsbwJZBCqwMHyH4c+wzgI9hG7Z6SZJRXWr+x58pdIbm2i9a/jFGCkRJqRUr8eoI7lDWa0hTkxg=="
    },
    "memory-pager": {
      "version": "1.5.0",
      "resolved": "https://registry.npmjs.org/memory-pager/-/memory-pager-1.5.0.tgz",
      "integrity": "sha512-ZS4Bp4r/Zoeq6+NLJpP+0Zzm0pR8whtGPf1XExKLJBAczGMnSi3It14OiNCStjQjM6NU1okjQGSxgEZN8eBYKg==",
      "optional": true
    },
    "mongodb": {
      "version": "3.2.2",
      "resolved": "https://registry.npmjs.org/mongodb/-/mongodb-3.2.2.tgz",
      "integrity": "sha512-xQ6apOOV+w7VFApdaJpWhYhzartpjIDFQjG0AwgJkLh7dBs7PTsq4A3Bia2QWpDohmAzTBIdQVLMqqLy0mwt3Q==",
      "requires": {
        "mongodb-core": "3.2.2",
        "safe-buffer": "^5.1.2"
      }
    },
    "mongodb-core": {
      "version": "3.2.2",
      "resolved": "https://registry.npmjs.org/mongodb-core/-/mongodb-core-3.2.2.tgz",
      "integrity": "sha512-YRgC39MuzKL0uoGoRdTmV1e9m47NbMnYmuEx4IOkgWAGXPSEzRY7cwb3N0XMmrDMnD9vp7MysNyAriIIeGgIQg==",
      "requires": {
        "bson": "^1.1.1",
        "require_optional": "^1.0.1",
        "safe-buffer": "^5.1.2",
        "saslprep": "^1.0.0"
      }
    },
    "require_optional": {
      "version": "1.0.1",
      "resolved": "https://registry.npmjs.org/require_optional/-/require_optional-1.0.1.tgz",
      "integrity": "sha512-qhM/y57enGWHAe3v/NcwML6a3/vfESLe/sGM2dII+gEO0BpKRUkWZow/tyloNqJyN6kXSl3RyyM8Ll5D/sJP8g==",
      "requires": {
        "resolve-from": "^2.0.0",
        "semver": "^5.1.0"
      }
    },
    "resolve-from": {
      "version": "2.0.0",
      "resolved": "https://registry.npmjs.org/resolve-from/-/resolve-from-2.0.0.tgz",
      "integrity": "sha1-lICrIOlP+h2egKgEx+oUdhGWa1c="
    },
    "rxjs": {
      "version": "6.4.0",
      "resolved": "https://registry.npmjs.org/rxjs/-/rxjs-6.4.0.tgz",
      "integrity": "sha512-Z9Yfa11F6B9Sg/BK9MnqnQ+aQYicPLtilXBp2yUtDt2JRCE0h26d33EnfO3ZxoNxG0T92OUucP3Ct7cpfkdFfw==",
      "requires": {
        "tslib": "^1.9.0"
      }
    },
    "safe-buffer": {
      "version": "5.1.2",
      "resolved": "https://registry.npmjs.org/safe-buffer/-/safe-buffer-5.1.2.tgz",
      "integrity": "sha512-Gd2UZBJDkXlY7GbJxfsE8/nvKkUEU1G38c1siN6QP6a9PT9MmHB8GnpscSmMJSoF8LOIrt8ud/wPtojys4G6+g=="
    },
    "saslprep": {
      "version": "1.0.2",
      "resolved": "https://registry.npmjs.org/saslprep/-/saslprep-1.0.2.tgz",
      "integrity": "sha512-4cDsYuAjXssUSjxHKRe4DTZC0agDwsCqcMqtJAQPzC74nJ7LfAJflAtC1Zed5hMzEQKj82d3tuzqdGNRsLJ4Gw==",
      "optional": true,
      "requires": {
        "sparse-bitfield": "^3.0.3"
      }
    },
    "semver": {
      "version": "5.7.0",
      "resolved": "https://registry.npmjs.org/semver/-/semver-5.7.0.tgz",
      "integrity": "sha512-Ya52jSX2u7QKghxeoFGpLwCtGlt7j0oY9DYb5apt9nPlJ42ID+ulTXESnt/qAQcoSERyZ5sl3LDIOw0nAn/5DA=="
    },
    "sparse-bitfield": {
      "version": "3.0.3",
      "resolved": "https://registry.npmjs.org/sparse-bitfield/-/sparse-bitfield-3.0.3.tgz",
      "integrity": "sha1-/0rm5oZWBWuks+eSqzM004JzyhE=",
      "optional": true,
      "requires": {
        "memory-pager": "^1.0.2"
      }
    },
    "tslib": {
      "version": "1.9.3",
      "resolved": "https://registry.npmjs.org/tslib/-/tslib-1.9.3.tgz",
      "integrity": "sha512-4krF8scpejhaOgqzBEcGM7yDIEfi0/8+8zDRZhNZZ2kjmHJ4hv3zCbQWxoJGz1iw5U0Jl0nma13xzHXcncMavQ=="
    },
    "typescript": {
      "version": "3.3.4000",
      "resolved": "https://registry.npmjs.org/typescript/-/typescript-3.3.4000.tgz",
      "integrity": "sha512-jjOcCZvpkl2+z7JFn0yBOoLQyLoIkNZAs/fYJkUG6VKy6zLPHJGfQJYFHzibB6GJaF/8QrcECtlQ5cpvRHSMEA==",
      "dev": true
    }
  }
}
